
Microsoft Visual Studio Solution File, Format Version 12.00
# Visual Studio Version 17
VisualStudioVersion = 17.14.36518.9 d17.14
MinimumVisualStudioVersion = 10.0.40219.1
Project("{FAE04EC0-301F-11D3-BF4B-00C04F79EFBC}") = "TicketTrackingApi", "TicketTrackingApi.csproj", "{2FC8BA46-F8DB-44DE-1C61-EB383A9A9692}"
EndProject
Global
	GlobalSection(SolutionConfigurationPlatforms) = preSolution
		Debug|Any CPU = Debug|Any CPU
		Release|Any CPU = Release|Any CPU
	EndGlobalSection
	GlobalSection(ProjectConfigurationPlatforms) = postSolution
		{2FC8BA46-F8DB-44DE-1C61-EB383A9A9692}.Debug|Any CPU.ActiveCfg = Debug|Any CPU
		{2FC8BA46-F8DB-44DE-1C61-EB383A9A9692}.Debug|Any CPU.Build.0 = Debug|Any CPU
		{2FC8BA46-F8DB-44DE-1C61-EB383A9A9692}.Release|Any CPU.ActiveCfg = Release|Any CPU
		{2FC8BA46-F8DB-44DE-1C61-EB383A9A9692}.Release|Any CPU.Build.0 = Release|Any CPU
	EndGlobalSection
	GlobalSection(SolutionProperties) = preSolution
		HideSolutionNode = FALSE
	EndGlobalSection
	GlobalSection(ExtensibilityGlobals) = postSolution
		SolutionGuid = {D5687749-1B94-466B-B16C-05F81AF76BA4}
	EndGlobalSection
EndGlobal
